{
  "name": "function",
  "version": "1.0.0",
  "lockfileVersion": 1,
  "requires": true,
  "dependencies": {
    "@types/core-js": {
      "version": "2.5.3",
      "resolved": "https://registry.npmjs.org/@types/core-js/-/core-js-2.5.3.tgz",
      "integrity": "sha512-F9RHpjuPSit4dCCRXgi7XcqA01DAjy9QY+v9yICoxXsjXD9cgQpyZyL2eSZnTkBGXGaQnea8waZOZTogLDB+rA=="
    },
    "@types/underscore": {
      "version": "1.9.4",
      "resolved": "https://registry.npmjs.org/@types/underscore/-/underscore-1.9.4.tgz",
      "integrity": "sha512-CjHWEMECc2/UxOZh0kpiz3lEyX2Px3rQS9HzD20lxMvx571ivOBQKeLnqEjxUY0BMgp6WJWo/pQLRBwMW5v4WQ=="
    },
    "core-js": {
      "version": "3.6.4",
      "resolved": "https://registry.npmjs.org/core-js/-/core-js-3.6.4.tgz",
      "integrity": "sha512-4paDGScNgZP2IXXilaffL9X7968RuvwlkK3xWtZRVqgd8SYNiVKRJvkFd1aqqEuPfN7E68ZHEp9hDj6lHj4Hyw=="
    },
    "underscore": {
      "version": "1.9.1",
      "resolved": "https://registry.npmjs.org/underscore/-/underscore-1.9.1.tgz",
      "integrity": "sha512-5/4etnCkd9c8gwgowi5/om/mYO5ajCaOgdzj/oW+0eQV9WxKBDZw5+ycmKmeaTXjInS/W0BzpGLo2xR2aBwZdg=="
    }
  }
}
